
Microsoft Visual Studio Solution File, Format Version 12.00
# Visual Studio 15
VisualStudioVersion = 15.0.28307.2017
MinimumVisualStudioVersion = 10.0.40219.1
Project("{FAE04EC0-301F-11D3-BF4B-00C04F79EFBC}") = "Level_1", "Level_1\Level_1.csproj", "{23202B32-C40A-4AD4-8414-6EDE8CBCB006}"
EndProject
Project("{FAE04EC0-301F-11D3-BF4B-00C04F79EFBC}") = "Level_2", "Level_2\Level_2.csproj", "{A5D25209-173F-45F8-85E5-54A3DB348890}"
EndProject
Global
	GlobalSection(SolutionConfigurationPlatforms) = preSolution
		Debug|Any CPU = Debug|Any CPU
		Release|Any CPU = Release|Any CPU
	EndGlobalSection
	GlobalSection(ProjectConfigurationPlatforms) = postSolution
		{23202B32-C40A-4AD4-8414-6EDE8CBCB006}.Debug|Any CPU.ActiveCfg = Debug|Any CPU
		{23202B32-C40A-4AD4-8414-6EDE8CBCB006}.Debug|Any CPU.Build.0 = Debug|Any CPU
		{23202B32-C40A-4AD4-8414-6EDE8CBCB006}.Release|Any CPU.ActiveCfg = Release|Any CPU
		{23202B32-C40A-4AD4-8414-6EDE8CBCB006}.Release|Any CPU.Build.0 = Release|Any CPU
		{A5D25209-173F-45F8-85E5-54A3DB348890}.Debug|Any CPU.ActiveCfg = Debug|Any CPU
		{A5D25209-173F-45F8-85E5-54A3DB348890}.Debug|Any CPU.Build.0 = Debug|Any CPU
		{A5D25209-173F-45F8-85E5-54A3DB348890}.Release|Any CPU.ActiveCfg = Release|Any CPU
		{A5D25209-173F-45F8-85E5-54A3DB348890}.Release|Any CPU.Build.0 = Release|Any CPU
	EndGlobalSection
	GlobalSection(SolutionProperties) = preSolution
		HideSolutionNode = FALSE
	EndGlobalSection
	GlobalSection(ExtensibilityGlobals) = postSolution
		SolutionGuid = {0292ABC5-7E6E-4A1D-B1D7-2B08A0CC48A3}
	EndGlobalSection
EndGlobal
